// !$*UTF8*$!
{
	archiveVersion = 1;
	classes = {
	};
	objectVersion = 48;
	objects = {

/* Begin PBXBuildFile section */
		1D0C758F204D9E2800EF2835 /* AppDelegate.m in Sources */ = {isa = PBXBuildFile; fileRef = 1D0C758E204D9E2800EF2835 /* AppDelegate.m */; };
		1D0C7592204D9E2800EF2835 /* ViewController.m in Sources */ = {isa = PBXBuildFile; fileRef = 1D0C7591204D9E2800EF2835 /* ViewController.m */; };
		1D0C7595204D9E2800EF2835 /* Main.storyboard in Resources */ = {isa = PBXBuildFile; fileRef = 1D0C7593204D9E2800EF2835 /* Main.storyboard */; };
		1D0C7597204D9E2800EF2835 /* Assets.xcassets in Resources */ = {isa = PBXBuildFile; fileRef = 1D0C7596204D9E2800EF2835 /* Assets.xcassets */; };
		1D0C759A204D9E2800EF2835 /* LaunchScreen.storyboard in Resources */ = {isa = PBXBuildFile; fileRef = 1D0C7598204D9E2800EF2835 /* LaunchScreen.storyboard */; };
		1D0C759D204D9E2800EF2835 /* main.m in Sources */ = {isa = PBXBuildFile; fileRef = 1D0C759C204D9E2800EF2835 /* main.m */; };
		1D0C75A8204EC39800EF2835 /* DetailViewController.m in Sources */ = {isa = PBXBuildFile; fileRef = 1D0C75A7204EC39800EF2835 /* DetailViewController.m */; };
		1D0C75AC204EC49500EF2835 /* ZZQEmptyView.m in Sources */ = {isa = PBXBuildFile; fileRef = 1D0C75AB204EC49500EF2835 /* ZZQEmptyView.m */; };
		1D0C75B0204ECD5100EF2835 /* UIView+Toast.m in Sources */ = {isa = PBXBuildFile; fileRef = 1D0C75AF204ECD5100EF2835 /* UIView+Toast.m */; };
		FE337A5114284B789E8138D9 /* libPods-ZZQEmptyViewDemo.a in Frameworks */ = {isa = PBXBuildFile; fileRef = F3218E2DDB8C928765E493F0 /* libPods-ZZQEmptyViewDemo.a */; };
/* End PBXBuildFile section */

/* Begin PBXFileReference section */
		1D0C758A204D9E2800EF2835 /* ZZQEmptyViewDemo.app */ = {isa = PBXFileReference; explicitFileType = wrapper.application; includeInIndex = 0; path = ZZQEmptyViewDemo.app; sourceTree = BUILT_PRODUCTS_DIR; };
		1D0C758D204D9E2800EF2835 /* AppDelegate.h */ = {isa = PBXFileReference; lastKnownFileType = sourcecode.c.h; path = AppDelegate.h; sourceTree = "<group>"; };
		1D0C758E204D9E2800EF2835 /* AppDelegate.m */ = {isa = PBXFileReference; lastKnownFileType = sourcecode.c.objc; path = AppDelegate.m; sourceTree = "<group>"; };
		1D0C7590204D9E2800EF2835 /* ViewController.h */ = {isa = PBXFileReference; lastKnownFileType = sourcecode.c.h; path = ViewController.h; sourceTree = "<group>"; };
		1D0C7591204D9E2800EF2835 /* ViewController.m */ = {isa = PBXFileReference; lastKnownFileType = sourcecode.c.objc; path = ViewController.m; sourceTree = "<group>"; };
		1D0C7594204D9E2800EF2835 /* Base */ = {isa = PBXFileReference; lastKnownFileType = file.storyboard; name = Base; path = Base.lproj/Main.storyboard; sourceTree = "<group>"; };
		1D0C7596204D9E2800EF2835 /* Assets.xcassets */ = {isa = PBXFileReference; lastKnownFileType = folder.assetcatalog; path = Assets.xcassets; sourceTree = "<group>"; };
		1D0C7599204D9E2800EF2835 /* Base */ = {isa = PBXFileReference; lastKnownFileType = file.storyboard; name = Base; path = Base.lproj/LaunchScreen.storyboard; sourceTree = "<group>"; };
		1D0C759B204D9E2800EF2835 /* Info.plist */ = {isa = PBXFileReference; lastKnownFileType = text.plist.xml; path = Info.plist; sourceTree = "<group>"; };
		1D0C759C204D9E2800EF2835 /* main.m */ = {isa = PBXFileReference; lastKnownFileType = sourcecode.c.objc; path = main.m; sourceTree = "<group>"; };
		1D0C75A6204EC39800EF2835 /* DetailViewController.h */ = {isa = PBXFileReference; lastKnownFileType = sourcecode.c.h; path = DetailViewController.h; sourceTree = "<group>"; };
		1D0C75A7204EC39800EF2835 /* DetailViewController.m */ = {isa = PBXFileReference; lastKnownFileType = sourcecode.c.objc; path = DetailViewController.m; sourceTree = "<group>"; };
		1D0C75AA204EC49500EF2835 /* ZZQEmptyView.h */ = {isa = PBXFileReference; fileEncoding = 4; lastKnownFileType = sourcecode.c.h; path = ZZQEmptyView.h; sourceTree = "<group>"; };
		1D0C75AB204EC49500EF2835 /* ZZQEmptyView.m */ = {isa = PBXFileReference; fileEncoding = 4; lastKnownFileType = sourcecode.c.objc; path = ZZQEmptyView.m; sourceTree = "<group>"; };
		1D0C75AE204ECD5100EF2835 /* UIView+Toast.h */ = {isa = PBXFileReference; fileEncoding = 4; lastKnownFileType = sourcecode.c.h; path = "UIView+Toast.h"; sourceTree = "<group>"; };
		1D0C75AF204ECD5100EF2835 /* UIView+Toast.m */ = {isa = PBXFileReference; fileEncoding = 4; lastKnownFileType = sourcecode.c.objc; path = "UIView+Toast.m"; sourceTree = "<group>"; };
		9912E15BF64EC808E5D1FF17 /* Pods-ZZQEmptyViewDemo.debug.xcconfig */ = {isa = PBXFileReference; includeInIndex = 1; lastKnownFileType = text.xcconfig; name = "Pods-ZZQEmptyViewDemo.debug.xcconfig"; path = "Pods/Target Support Files/Pods-ZZQEmptyViewDemo/Pods-ZZQEmptyViewDemo.debug.xcconfig"; sourceTree = "<group>"; };
		ED32981570D18ED5D160C0B1 /* Pods-ZZQEmptyViewDemo.release.xcconfig */ = {isa = PBXFileReference; includeInIndex = 1; lastKnownFileType = text.xcconfig; name = "Pods-ZZQEmptyViewDemo.release.xcconfig"; path = "Pods/Target Support Files/Pods-ZZQEmptyViewDemo/Pods-ZZQEmptyViewDemo.release.xcconfig"; sourceTree = "<group>"; };
		F3218E2DDB8C928765E493F0 /* libPods-ZZQEmptyViewDemo.a */ = {isa = PBXFileReference; explicitFileType = archive.ar; includeInIndex = 0; path = "libPods-ZZQEmptyViewDemo.a"; sourceTree = BUILT_PRODUCTS_DIR; };
/* End PBXFileReference section */

/* Begin PBXFrameworksBuildPhase section */
		1D0C7587204D9E2800EF2835 /* Frameworks */ = {
			isa = PBXFrameworksBuildPhase;
			buildActionMask = 2147483647;
			files = (
				FE337A5114284B789E8138D9 /* libPods-ZZQEmptyViewDemo.a in Frameworks */,
			);
			runOnlyForDeploymentPostprocessing = 0;
		};
/* End PBXFrameworksBuildPhase section */

/* Begin PBXGroup section */
		1D0C7581204D9E2800EF2835 = {
			isa = PBXGroup;
			children = (
				1D0C758C204D9E2800EF2835 /* ZZQEmptyViewDemo */,
				1D0C758B204D9E2800EF2835 /* Products */,
				AC128DDD3163C145D84FBB2A /* Pods */,
				2EC3C000539BC3DFEFE8EA4F /* Frameworks */,
			);
			sourceTree = "<group>";
		};
		1D0C758B204D9E2800EF2835 /* Products */ = {
			isa = PBXGroup;
			children = (
				1D0C758A204D9E2800EF2835 /* ZZQEmptyViewDemo.app */,
			);
			name = Products;
			sourceTree = "<group>";
		};
		1D0C758C204D9E2800EF2835 /* ZZQEmptyViewDemo */ = {
			isa = PBXGroup;
			children = (
				1D0C75AD204ECD5100EF2835 /* Toast */,
				1D0C75A9204EC49500EF2835 /* ZZQEmptyView */,
				1D0C758D204D9E2800EF2835 /* AppDelegate.h */,
				1D0C758E204D9E2800EF2835 /* AppDelegate.m */,
				1D0C7590204D9E2800EF2835 /* ViewController.h */,
				1D0C7591204D9E2800EF2835 /* ViewController.m */,
				1D0C75A6204EC39800EF2835 /* DetailViewController.h */,
				1D0C75A7204EC39800EF2835 /* DetailViewController.m */,
				1D0C7593204D9E2800EF2835 /* Main.storyboard */,
				1D0C7596204D9E2800EF2835 /* Assets.xcassets */,
				1D0C7598204D9E2800EF2835 /* LaunchScreen.storyboard */,
				1D0C759B204D9E2800EF2835 /* Info.plist */,
				1D0C759C204D9E2800EF2835 /* main.m */,
			);
			path = ZZQEmptyViewDemo;
			sourceTree = "<group>";
		};
		1D0C75A9204EC49500EF2835 /* ZZQEmptyView */ = {
			isa = PBXGroup;
			children = (
				1D0C75AA204EC49500EF2835 /* ZZQEmptyView.h */,
				1D0C75AB204EC49500EF2835 /* ZZQEmptyView.m */,
			);
			path = ZZQEmptyView;
			sourceTree = "<group>";
		};
		1D0C75AD204ECD5100EF2835 /* Toast */ = {
			isa = PBXGroup;
			children = (
				1D0C75AE204ECD5100EF2835 /* UIView+Toast.h */,
				1D0C75AF204ECD5100EF2835 /* UIView+Toast.m */,
			);
			path = Toast;
			sourceTree = "<group>";
		};
		2EC3C000539BC3DFEFE8EA4F /* Frameworks */ = {
			isa = PBXGroup;
			children = (
				F3218E2DDB8C928765E493F0 /* libPods-ZZQEmptyViewDemo.a */,
			);
			name = Frameworks;
			sourceTree = "<group>";
		};
		AC128DDD3163C145D84FBB2A /* Pods */ = {
			isa = PBXGroup;
			children = (
				9912E15BF64EC808E5D1FF17 /* Pods-ZZQEmptyViewDemo.debug.xcconfig */,
				ED32981570D18ED5D160C0B1 /* Pods-ZZQEmptyViewDemo.release.xcconfig */,
			);
			name = Pods;
			sourceTree = "<group>";
		};
/* End PBXGroup section */

/* Begin PBXNativeTarget section */
		1D0C7589204D9E2800EF2835 /* ZZQEmptyViewDemo */ = {
			isa = PBXNativeTarget;
			buildConfigurationList = 1D0C75A0204D9E2800EF2835 /* Build configuration list for PBXNativeTarget "ZZQEmptyViewDemo" */;
			buildPhases = (
				EBC43CEA57FFFED55960EC00 /* [CP] Check Pods Manifest.lock */,
				1D0C7586204D9E2800EF2835 /* Sources */,
				1D0C7587204D9E2800EF2835 /* Frameworks */,
				1D0C7588204D9E2800EF2835 /* Resources */,
				AC226684E59A3E09AD155388 /* [CP] Embed Pods Frameworks */,
				F85FA0788352D2B79704AA73 /* [CP] Copy Pods Resources */,
			);
			buildRules = (
			);
			dependencies = (
			);
			name = ZZQEmptyViewDemo;
			productName = ZZQEmptyViewDemo;
			productReference = 1D0C758A204D9E2800EF2835 /* ZZQEmptyViewDemo.app */;
			productType = "com.apple.product-type.application";
		};
/* End PBXNativeTarget section */

/* Begin PBXProject section */
		1D0C7582204D9E2800EF2835 /* Project object */ = {
			isa = PBXProject;
			attributes = {
				LastUpgradeCheck = 0920;
				ORGANIZATIONNAME = "郑志强";
				TargetAttributes = {
					1D0C7589204D9E2800EF2835 = {
						CreatedOnToolsVersion = 9.2;
						ProvisioningStyle = Automatic;
					};
				};
			};
			buildConfigurationList = 1D0C7585204D9E2800EF2835 /* Build configuration list for PBXProject "ZZQEmptyViewDemo" */;
			compatibilityVersion = "Xcode 8.0";
			developmentRegion = en;
			hasScannedForEncodings = 0;
			knownRegions = (
				en,
				Base,
			);
			mainGroup = 1D0C7581204D9E2800EF2835;
			productRefGroup = 1D0C758B204D9E2800EF2835 /* Products */;
			projectDirPath = "";
			projectRoot = "";
			targets = (
				1D0C7589204D9E2800EF2835 /* ZZQEmptyViewDemo */,
			);
		};
/* End PBXProject section */

/* Begin PBXResourcesBuildPhase section */
		1D0C7588204D9E2800EF2835 /* Resources */ = {
			isa = PBXResourcesBuildPhase;
			buildActionMask = 2147483647;
			files = (
				1D0C759A204D9E2800EF2835 /* LaunchScreen.storyboard in Resources */,
				1D0C7597204D9E2800EF2835 /* Assets.xcassets in Resources */,
				1D0C7595204D9E2800EF2835 /* Main.storyboard in Resources */,
			);
			runOnlyForDeploymentPostprocessing = 0;
		};
/* End PBXResourcesBuildPhase section */

/* Begin PBXShellScriptBuildPhase section */
		AC226684E59A3E09AD155388 /* [CP] Embed Pods Frameworks */ = {
			isa = PBXShellScriptBuildPhase;
			buildActionMask = 2147483647;
			files = (
			);
			inputPaths = (
			);
			name = "[CP] Embed Pods Frameworks";
			outputPaths = (
			);
			runOnlyForDeploymentPostprocessing = 0;
			shellPath = /bin/sh;
			shellScript = "\"${SRCROOT}/Pods/Target Support Files/Pods-ZZQEmptyViewDemo/Pods-ZZQEmptyViewDemo-frameworks.sh\"\n";
			showEnvVarsInLog = 0;
		};
		EBC43CEA57FFFED55960EC00 /* [CP] Check Pods Manifest.lock */ = {
			isa = PBXShellScriptBuildPhase;
			buildActionMask = 2147483647;
			files = (
			);
			inputPaths = (
				"${PODS_PODFILE_DIR_PATH}/Podfile.lock",
				"${PODS_ROOT}/Manifest.lock",
			);
			name = "[CP] Check Pods Manifest.lock";
			outputPaths = (
				"$(DERIVED_FILE_DIR)/Pods-ZZQEmptyViewDemo-checkManifestLockResult.txt",
			);
			runOnlyForDeploymentPostprocessing = 0;
			shellPath = /bin/sh;
			shellScript = "diff \"${PODS_PODFILE_DIR_PATH}/Podfile.lock\" \"${PODS_ROOT}/Manifest.lock\" > /dev/null\nif [ $? != 0 ] ; then\n    # print error to STDERR\n    echo \"error: The sandbox is not in sync with the Podfile.lock. Run 'pod install' or update your CocoaPods installation.\" >&2\n    exit 1\nfi\n# This output is used by Xcode 'outputs' to avoid re-running this script phase.\necho \"SUCCESS\" > \"${SCRIPT_OUTPUT_FILE_0}\"\n";
			showEnvVarsInLog = 0;
		};
		F85FA0788352D2B79704AA73 /* [CP] Copy Pods Resources */ = {
			isa = PBXShellScriptBuildPhase;
			buildActionMask = 2147483647;
			files = (
			);
			inputPaths = (
			);
			name = "[CP] Copy Pods Resources";
			outputPaths = (
			);
			runOnlyForDeploymentPostprocessing = 0;
			shellPath = /bin/sh;
			shellScript = "\"${SRCROOT}/Pods/Target Support Files/Pods-ZZQEmptyViewDemo/Pods-ZZQEmptyViewDemo-resources.sh\"\n";
			showEnvVarsInLog = 0;
		};
/* End PBXShellScriptBuildPhase section */

/* Begin PBXSourcesBuildPhase section */
		1D0C7586204D9E2800EF2835 /* Sources */ = {
			isa = PBXSourcesBuildPhase;
			buildActionMask = 2147483647;
			files = (
				1D0C75B0204ECD5100EF2835 /* UIView+Toast.m in Sources */,
				1D0C75A8204EC39800EF2835 /* DetailViewController.m in Sources */,
				1D0C75AC204EC49500EF2835 /* ZZQEmptyView.m in Sources */,
				1D0C7592204D9E2800EF2835 /* ViewController.m in Sources */,
				1D0C759D204D9E2800EF2835 /* main.m in Sources */,
				1D0C758F204D9E2800EF2835 /* AppDelegate.m in Sources */,
			);
			runOnlyForDeploymentPostprocessing = 0;
		};
/* End PBXSourcesBuildPhase section */

/* Begin PBXVariantGroup section */
		1D0C7593204D9E2800EF2835 /* Main.storyboard */ = {
			isa = PBXVariantGroup;
			children = (
				1D0C7594204D9E2800EF2835 /* Base */,
			);
			name = Main.storyboard;
			sourceTree = "<group>";
		};
		1D0C7598204D9E2800EF2835 /* LaunchScreen.storyboard */ = {
			isa = PBXVariantGroup;
			children = (
				1D0C7599204D9E2800EF2835 /* Base */,
			);
			name = LaunchScreen.storyboard;
			sourceTree = "<group>";
		};
/* End PBXVariantGroup section */

/* Begin XCBuildConfiguration section */
		1D0C759E204D9E2800EF2835 /* Debug */ = {
			isa = XCBuildConfiguration;
			buildSettings = {
				ALWAYS_SEARCH_USER_PATHS = NO;
				CLANG_ANALYZER_NONNULL = YES;
				CLANG_ANALYZER_NUMBER_OBJECT_CONVERSION = YES_AGGRESSIVE;
				CLANG_CXX_LANGUAGE_STANDARD = "gnu++14";
				CLANG_CXX_LIBRARY = "libc++";
				CLANG_ENABLE_MODULES = YES;
				CLANG_ENABLE_OBJC_ARC = YES;
				CLANG_WARN_BLOCK_CAPTURE_AUTORELEASING = YES;
				CLANG_WARN_BOOL_CONVERSION = YES;
				CLANG_WARN_COMMA = YES;
				CLANG_WARN_CONSTANT_CONVERSION = YES;
				CLANG_WARN_DIRECT_OBJC_ISA_USAGE = YES_ERROR;
				CLANG_WARN_DOCUMENTATION_COMMENTS = YES;
				CLANG_WARN_EMPTY_BODY = YES;
				CLANG_WARN_ENUM_CONVERSION = YES;
				CLANG_WARN_INFINITE_RECURSION = YES;
				CLANG_WARN_INT_CONVERSION = YES;
				CLANG_WARN_NON_LITERAL_NULL_CONVERSION = YES;
				CLANG_WARN_OBJC_LITERAL_CONVERSION = YES;
				CLANG_WARN_OBJC_ROOT_CLASS = YES_ERROR;
				CLANG_WARN_RANGE_LOOP_ANALYSIS = YES;
				CLANG_WARN_STRICT_PROTOTYPES = YES;
				CLANG_WARN_SUSPICIOUS_MOVE = YES;
				CLANG_WARN_UNGUARDED_AVAILABILITY = YES_AGGRESSIVE;
				CLANG_WARN_UNREACHABLE_CODE = YES;
				CLANG_WARN__DUPLICATE_METHOD_MATCH = YES;
				CODE_SIGN_IDENTITY = "iPhone Developer";
				COPY_PHASE_STRIP = NO;
				DEBUG_INFORMATION_FORMAT = dwarf;
				ENABLE_STRICT_OBJC_MSGSEND = YES;
				ENABLE_TESTABILITY = YES;
				GCC_C_LANGUAGE_STANDARD = gnu11;
				GCC_DYNAMIC_NO_PIC = NO;
				GCC_NO_COMMON_BLOCKS = YES;
				GCC_OPTIMIZATION_LEVEL = 0;
				GCC_PREPROCESSOR_DEFINITIONS = (
					"DEBUG=1",
					"$(inherited)",
				);
				GCC_WARN_64_TO_32_BIT_CONVERSION = YES;
				GCC_WARN_ABOUT_RETURN_TYPE = YES_ERROR;
				GCC_WARN_UNDECLARED_SELECTOR = YES;
				GCC_WARN_UNINITIALIZED_AUTOS = YES_AGGRESSIVE;
				GCC_WARN_UNUSED_FUNCTION = YES;
				GCC_WARN_UNUSED_VARIABLE = YES;
				IPHONEOS_DEPLOYMENT_TARGET = 11.2;
				MTL_ENABLE_DEBUG_INFO = YES;
				ONLY_ACTIVE_ARCH = YES;
				SDKROOT = iphoneos;
			};
			name = Debug;
		};
		1D0C759F204D9E2800EF2835 /* Release */ = {
			isa = XCBuildConfiguration;
			buildSettings = {
				ALWAYS_SEARCH_USER_PATHS = NO;
				CLANG_ANALYZER_NONNULL = YES;
				CLANG_ANALYZER_NUMBER_OBJECT_CONVERSION = YES_AGGRESSIVE;
				CLANG_CXX_LANGUAGE_STANDARD = "gnu++14";
				CLANG_CXX_LIBRARY = "libc++";
				CLANG_ENABLE_MODULES = YES;
				CLANG_ENABLE_OBJC_ARC = YES;
				CLANG_WARN_BLOCK_CAPTURE_AUTORELEASING = YES;
				CLANG_WARN_BOOL_CONVERSION = YES;
				CLANG_WARN_COMMA = YES;
				CLANG_WARN_CONSTANT_CONVERSION = YES;
				CLANG_WARN_DIRECT_OBJC_ISA_USAGE = YES_ERROR;
				CLANG_WARN_DOCUMENTATION_COMMENTS = YES;
				CLANG_WARN_EMPTY_BODY = YES;
				CLANG_WARN_ENUM_CONVERSION = YES;
				CLANG_WARN_INFINITE_RECURSION = YES;
				CLANG_WARN_INT_CONVERSION = YES;
				CLANG_WARN_NON_LITERAL_NULL_CONVERSION = YES;
				CLANG_WARN_OBJC_LITERAL_CONVERSION = YES;
				CLANG_WARN_OBJC_ROOT_CLASS = YES_ERROR;
				CLANG_WARN_RANGE_LOOP_ANALYSIS = YES;
				CLANG_WARN_STRICT_PROTOTYPES = YES;
				CLANG_WARN_SUSPICIOUS_MOVE = YES;
				CLANG_WARN_UNGUARDED_AVAILABILITY = YES_AGGRESSIVE;
				CLANG_WARN_UNREACHABLE_CODE = YES;
				CLANG_WARN__DUPLICATE_METHOD_MATCH = YES;
				CODE_SIGN_IDENTITY = "iPhone Developer";
				COPY_PHASE_STRIP = NO;
				DEBUG_INFORMATION_FORMAT = "dwarf-with-dsym";
				ENABLE_NS_ASSERTIONS = NO;
				ENABLE_STRICT_OBJC_MSGSEND = YES;
				GCC_C_LANGUAGE_STANDARD = gnu11;
				GCC_NO_COMMON_BLOCKS = YES;
				GCC_WARN_64_TO_32_BIT_CONVERSION = YES;
				GCC_WARN_ABOUT_RETURN_TYPE = YES_ERROR;
				GCC_WARN_UNDECLARED_SELECTOR = YES;
				GCC_WARN_UNINITIALIZED_AUTOS = YES_AGGRESSIVE;
				GCC_WARN_UNUSED_FUNCTION = YES;
				GCC_WARN_UNUSED_VARIABLE = YES;
				IPHONEOS_DEPLOYMENT_TARGET = 11.2;
				MTL_ENABLE_DEBUG_INFO = NO;
				SDKROOT = iphoneos;
				VALIDATE_PRODUCT = YES;
			};
			name = Release;
		};
		1D0C75A1204D9E2800EF2835 /* Debug */ = {
			isa = XCBuildConfiguration;
			baseConfigurationReference = 9912E15BF64EC808E5D1FF17 /* Pods-ZZQEmptyViewDemo.debug.xcconfig */;
			buildSettings = {
				ASSETCATALOG_COMPILER_APPICON_NAME = AppIcon;
				CODE_SIGN_STYLE = Automatic;
				DEVELOPMENT_TEAM = Q2L4CLXEZV;
				INFOPLIST_FILE = ZZQEmptyViewDemo/Info.plist;
				IPHONEOS_DEPLOYMENT_TARGET = 8.0;
				LD_RUNPATH_SEARCH_PATHS = "$(inherited) @executable_path/Frameworks";
				PRODUCT_BUNDLE_IDENTIFIER = panmingsoft.ZZQEmptyViewDemo;
				PRODUCT_NAME = "$(TARGET_NAME)";
				TARGETED_DEVICE_FAMILY = "1,2";
			};
			name = Debug;
		};
		1D0C75A2204D9E2800EF2835 /* Release */ = {
			isa = XCBuildConfiguration;
			baseConfigurationReference = ED32981570D18ED5D160C0B1 /* Pods-ZZQEmptyViewDemo.release.xcconfig */;
			buildSettings = {
				ASSETCATALOG_COMPILER_APPICON_NAME = AppIcon;
				CODE_SIGN_STYLE = Automatic;
				DEVELOPMENT_TEAM = Q2L4CLXEZV;
				INFOPLIST_FILE = ZZQEmptyViewDemo/Info.plist;
				IPHONEOS_DEPLOYMENT_TARGET = 8.0;
				LD_RUNPATH_SEARCH_PATHS = "$(inherited) @executable_path/Frameworks";
				PRODUCT_BUNDLE_IDENTIFIER = panmingsoft.ZZQEmptyViewDemo;
				PRODUCT_NAME = "$(TARGET_NAME)";
				TARGETED_DEVICE_FAMILY = "1,2";
			};
			name = Release;
		};
/* End XCBuildConfiguration section */

/* Begin XCConfigurationList section */
		1D0C7585204D9E2800EF2835 /* Build configuration list for PBXProject "ZZQEmptyViewDemo" */ = {
			isa = XCConfigurationList;
			buildConfigurations = (
				1D0C759E204D9E2800EF2835 /* Debug */,
				1D0C759F204D9E2800EF2835 /* Release */,
			);
			defaultConfigurationIsVisible = 0;
			defaultConfigurationName = Release;
		};
		1D0C75A0204D9E2800EF2835 /* Build configuration list for PBXNativeTarget "ZZQEmptyViewDemo" */ = {
			isa = XCConfigurationList;
			buildConfigurations = (
				1D0C75A1204D9E2800EF2835 /* Debug */,
				1D0C75A2204D9E2800EF2835 /* Release */,
			);
			defaultConfigurationIsVisible = 0;
			defaultConfigurationName = Release;
		};
/* End XCConfigurationList section */
	};
	rootObject = 1D0C7582204D9E2800EF2835 /* Project object */;
}
